<Solution>
  <Project Path="TwitterClone.Api/TwitterClone.Api.csproj" Id="d9d9677d-9d34-4496-b4f9-dbfecb8e37cf" />
  <Project Path="TwitterClone.Domain/TwitterClone.Domain.csproj" />
  <Project Path="TwitterClone.Test/TwitterClone.Test.csproj" Id="010b139b-cd98-4487-a8b0-0b778f1b2001" />
</Solution>
